
Microsoft Visual Studio Solution File, Format Version 12.00
# Visual Studio Version 17
VisualStudioVersion = 17.11.35327.3
MinimumVisualStudioVersion = 10.0.40219.1
Project("{FAE04EC0-301F-11D3-BF4B-00C04F79EFBC}") = "DI", "DI\DI.csproj", "{BD48F49A-1C1C-471E-B84F-BDD035E78D1D}"
EndProject
Project("{FAE04EC0-301F-11D3-BF4B-00C04F79EFBC}") = "GrpcService", "GrpcService\GrpcService.csproj", "{428CBC21-22FC-4306-A100-2FA9FE7B9210}"
EndProject
Project("{FAE04EC0-301F-11D3-BF4B-00C04F79EFBC}") = "ConsoleApp", "ConsoleApp\ConsoleApp.csproj", "{B584BE00-98C5-445A-9988-51B59B5596B0}"
EndProject
Global
	GlobalSection(SolutionConfigurationPlatforms) = preSolution
		Debug|Any CPU = Debug|Any CPU
		Release|Any CPU = Release|Any CPU
	EndGlobalSection
	GlobalSection(ProjectConfigurationPlatforms) = postSolution
		{BD48F49A-1C1C-471E-B84F-BDD035E78D1D}.Debug|Any CPU.ActiveCfg = Debug|Any CPU
		{BD48F49A-1C1C-471E-B84F-BDD035E78D1D}.Debug|Any CPU.Build.0 = Debug|Any CPU
		{BD48F49A-1C1C-471E-B84F-BDD035E78D1D}.Release|Any CPU.ActiveCfg = Release|Any CPU
		{BD48F49A-1C1C-471E-B84F-BDD035E78D1D}.Release|Any CPU.Build.0 = Release|Any CPU
		{428CBC21-22FC-4306-A100-2FA9FE7B9210}.Debug|Any CPU.ActiveCfg = Debug|Any CPU
		{428CBC21-22FC-4306-A100-2FA9FE7B9210}.Debug|Any CPU.Build.0 = Debug|Any CPU
		{428CBC21-22FC-4306-A100-2FA9FE7B9210}.Release|Any CPU.ActiveCfg = Release|Any CPU
		{428CBC21-22FC-4306-A100-2FA9FE7B9210}.Release|Any CPU.Build.0 = Release|Any CPU
		{B584BE00-98C5-445A-9988-51B59B5596B0}.Debug|Any CPU.ActiveCfg = Debug|Any CPU
		{B584BE00-98C5-445A-9988-51B59B5596B0}.Debug|Any CPU.Build.0 = Debug|Any CPU
		{B584BE00-98C5-445A-9988-51B59B5596B0}.Release|Any CPU.ActiveCfg = Release|Any CPU
		{B584BE00-98C5-445A-9988-51B59B5596B0}.Release|Any CPU.Build.0 = Release|Any CPU
	EndGlobalSection
	GlobalSection(SolutionProperties) = preSolution
		HideSolutionNode = FALSE
	EndGlobalSection
	GlobalSection(ExtensibilityGlobals) = postSolution
		SolutionGuid = {DAB3B6FD-8B7A-474B-80A4-176F6DCCD6AC}
	EndGlobalSection
EndGlobal
